
Microsoft Visual Studio Solution File, Format Version 12.00
# Visual Studio Version 16
VisualStudioVersion = 16.0.29609.76
MinimumVisualStudioVersion = 10.0.40219.1
Project("{2150E333-8FDC-42A3-9474-1A3956D46DE8}") = "0 - Apresentação", "0 - Apresentação", "{EBD690F3-8F19-4A4A-919B-03EA03D1C95F}"
EndProject
Project("{2150E333-8FDC-42A3-9474-1A3956D46DE8}") = "1 - Serviços", "1 - Serviços", "{A8272F8B-DF8C-40F3-9874-C3A9A48E24E1}"
EndProject
Project("{2150E333-8FDC-42A3-9474-1A3956D46DE8}") = "2 - Dominio", "2 - Dominio", "{24809D0A-0E9C-45A6-A49C-5A1383693E1F}"
EndProject
Project("{2150E333-8FDC-42A3-9474-1A3956D46DE8}") = "3 - Infra", "3 - Infra", "{AA4288C8-2A25-4D3B-916B-DFA680455BC0}"
EndProject
Project("{2150E333-8FDC-42A3-9474-1A3956D46DE8}") = "3.1 - Data", "3.1 - Data", "{C792B4C9-19CE-4767-95B7-155F5FE496F2}"
EndProject
Project("{9A19103F-16F7-4668-BE54-9A1E7A4F7556}") = "GloboChat.Dominio", "GloboChat.Dominio\GloboChat.Dominio.csproj", "{5089590F-BCC2-4B72-AE54-0F94AEAF030E}"
EndProject
Project("{9A19103F-16F7-4668-BE54-9A1E7A4F7556}") = "GloboChat.Infra.Data", "GloboChat.Infra.Data\GloboChat.Infra.Data.csproj", "{66B0A689-35F7-42DE-B96F-0B1F6467D85E}"
EndProject
Project("{FAE04EC0-301F-11D3-BF4B-00C04F79EFBC}") = "GloboChat.Apresentacao.Aplicativo.UWP", "GloboChat.Apresentacao.Aplicativo\GloboChat.Apresentacao.Aplicativo.UWP\GloboChat.Apresentacao.Aplicativo.UWP.csproj", "{DBB6163B-8E41-478D-AB0D-D6F1FC15F98E}"
EndProject
Project("{FAE04EC0-301F-11D3-BF4B-00C04F79EFBC}") = "GloboChat.Apresentacao.Aplicativo.Android", "GloboChat.Apresentacao.Aplicativo\GloboChat.Apresentacao.Aplicativo.Android\GloboChat.Apresentacao.Aplicativo.Android.csproj", "{480172D1-89D2-4F85-92E5-CBE597208A60}"
EndProject
Project("{FAE04EC0-301F-11D3-BF4B-00C04F79EFBC}") = "GloboChat.Apresentacao.Aplicativo.iOS", "GloboChat.Apresentacao.Aplicativo\GloboChat.Apresentacao.Aplicativo.iOS\GloboChat.Apresentacao.Aplicativo.iOS.csproj", "{E3D30EB2-3500-4DA0-A077-EFA3E80C77F4}"
EndProject
Project("{9A19103F-16F7-4668-BE54-9A1E7A4F7556}") = "GloboChat.Apresentacao.Aplicativo", "GloboChat.Apresentacao.Aplicativo\GloboChat.Apresentacao.Aplicativo\GloboChat.Apresentacao.Aplicativo.csproj", "{C4F8D25D-BC2E-4B4F-8651-734AEEE69CCD}"
EndProject
Project("{9A19103F-16F7-4668-BE54-9A1E7A4F7556}") = "GloboChat.Servicos.WebService", "GloboChat.Servicos.WebService\GloboChat.Servicos.WebService.csproj", "{473B907D-0D6C-400F-BA47-7EE505D98B6E}"
EndProject
Global
	GlobalSection(SolutionConfigurationPlatforms) = preSolution
		Debug|Any CPU = Debug|Any CPU
		Debug|ARM = Debug|ARM
		Debug|iPhone = Debug|iPhone
		Debug|iPhoneSimulator = Debug|iPhoneSimulator
		Debug|x64 = Debug|x64
		Debug|x86 = Debug|x86
		Release|Any CPU = Release|Any CPU
		Release|ARM = Release|ARM
		Release|iPhone = Release|iPhone
		Release|iPhoneSimulator = Release|iPhoneSimulator
		Release|x64 = Release|x64
		Release|x86 = Release|x86
	EndGlobalSection
	GlobalSection(ProjectConfigurationPlatforms) = postSolution
		{5089590F-BCC2-4B72-AE54-0F94AEAF030E}.Debug|Any CPU.ActiveCfg = Debug|Any CPU
		{5089590F-BCC2-4B72-AE54-0F94AEAF030E}.Debug|Any CPU.Build.0 = Debug|Any CPU
		{5089590F-BCC2-4B72-AE54-0F94AEAF030E}.Debug|ARM.ActiveCfg = Debug|Any CPU
		{5089590F-BCC2-4B72-AE54-0F94AEAF030E}.Debug|ARM.Build.0 = Debug|Any CPU
		{5089590F-BCC2-4B72-AE54-0F94AEAF030E}.Debug|iPhone.ActiveCfg = Debug|Any CPU
		{5089590F-BCC2-4B72-AE54-0F94AEAF030E}.Debug|iPhone.Build.0 = Debug|Any CPU
		{5089590F-BCC2-4B72-AE54-0F94AEAF030E}.Debug|iPhoneSimulator.ActiveCfg = Debug|Any CPU
		{5089590F-BCC2-4B72-AE54-0F94AEAF030E}.Debug|iPhoneSimulator.Build.0 = Debug|Any CPU
		{5089590F-BCC2-4B72-AE54-0F94AEAF030E}.Debug|x64.ActiveCfg = Debug|Any CPU
		{5089590F-BCC2-4B72-AE54-0F94AEAF030E}.Debug|x64.Build.0 = Debug|Any CPU
		{5089590F-BCC2-4B72-AE54-0F94AEAF030E}.Debug|x86.ActiveCfg = Debug|Any CPU
		{5089590F-BCC2-4B72-AE54-0F94AEAF030E}.Debug|x86.Build.0 = Debug|Any CPU
		{5089590F-BCC2-4B72-AE54-0F94AEAF030E}.Release|Any CPU.ActiveCfg = Release|Any CPU
		{5089590F-BCC2-4B72-AE54-0F94AEAF030E}.Release|Any CPU.Build.0 = Release|Any CPU
		{5089590F-BCC2-4B72-AE54-0F94AEAF030E}.Release|ARM.ActiveCfg = Release|Any CPU
		{5089590F-BCC2-4B72-AE54-0F94AEAF030E}.Release|ARM.Build.0 = Release|Any CPU
		{5089590F-BCC2-4B72-AE54-0F94AEAF030E}.Release|iPhone.ActiveCfg = Release|Any CPU
		{5089590F-BCC2-4B72-AE54-0F94AEAF030E}.Release|iPhone.Build.0 = Release|Any CPU
		{5089590F-BCC2-4B72-AE54-0F94AEAF030E}.Release|iPhoneSimulator.ActiveCfg = Release|Any CPU
		{5089590F-BCC2-4B72-AE54-0F94AEAF030E}.Release|iPhoneSimulator.Build.0 = Release|Any CPU
		{5089590F-BCC2-4B72-AE54-0F94AEAF030E}.Release|x64.ActiveCfg = Release|Any CPU
		{5089590F-BCC2-4B72-AE54-0F94AEAF030E}.Release|x64.Build.0 = Release|Any CPU
		{5089590F-BCC2-4B72-AE54-0F94AEAF030E}.Release|x86.ActiveCfg = Release|Any CPU
		{5089590F-BCC2-4B72-AE54-0F94AEAF030E}.Release|x86.Build.0 = Release|Any CPU
		{66B0A689-35F7-42DE-B96F-0B1F6467D85E}.Debug|Any CPU.ActiveCfg = Debug|Any CPU
		{66B0A689-35F7-42DE-B96F-0B1F6467D85E}.Debug|Any CPU.Build.0 = Debug|Any CPU
		{66B0A689-35F7-42DE-B96F-0B1F6467D85E}.Debug|ARM.ActiveCfg = Debug|Any CPU
		{66B0A689-35F7-42DE-B96F-0B1F6467D85E}.Debug|ARM.Build.0 = Debug|Any CPU
		{66B0A689-35F7-42DE-B96F-0B1F6467D85E}.Debug|iPhone.ActiveCfg = Debug|Any CPU
		{66B0A689-35F7-42DE-B96F-0B1F6467D85E}.Debug|iPhone.Build.0 = Debug|Any CPU
		{66B0A689-35F7-42DE-B96F-0B1F6467D85E}.Debug|iPhoneSimulator.ActiveCfg = Debug|Any CPU
		{66B0A689-35F7-42DE-B96F-0B1F6467D85E}.Debug|iPhoneSimulator.Build.0 = Debug|Any CPU
		{66B0A689-35F7-42DE-B96F-0B1F6467D85E}.Debug|x64.ActiveCfg = Debug|Any CPU
		{66B0A689-35F7-42DE-B96F-0B1F6467D85E}.Debug|x64.Build.0 = Debug|Any CPU
		{66B0A689-35F7-42DE-B96F-0B1F6467D85E}.Debug|x86.ActiveCfg = Debug|Any CPU
		{66B0A689-35F7-42DE-B96F-0B1F6467D85E}.Debug|x86.Build.0 = Debug|Any CPU
		{66B0A689-35F7-42DE-B96F-0B1F6467D85E}.Release|Any CPU.ActiveCfg = Release|Any CPU
		{66B0A689-35F7-42DE-B96F-0B1F6467D85E}.Release|Any CPU.Build.0 = Release|Any CPU
		{66B0A689-35F7-42DE-B96F-0B1F6467D85E}.Release|ARM.ActiveCfg = Release|Any CPU
		{66B0A689-35F7-42DE-B96F-0B1F6467D85E}.Release|ARM.Build.0 = Release|Any CPU
		{66B0A689-35F7-42DE-B96F-0B1F6467D85E}.Release|iPhone.ActiveCfg = Release|Any CPU
		{66B0A689-35F7-42DE-B96F-0B1F6467D85E}.Release|iPhone.Build.0 = Release|Any CPU
		{66B0A689-35F7-42DE-B96F-0B1F6467D85E}.Release|iPhoneSimulator.ActiveCfg = Release|Any CPU
		{66B0A689-35F7-42DE-B96F-0B1F6467D85E}.Release|iPhoneSimulator.Build.0 = Release|Any CPU
		{66B0A689-35F7-42DE-B96F-0B1F6467D85E}.Release|x64.ActiveCfg = Release|Any CPU
		{66B0A689-35F7-42DE-B96F-0B1F6467D85E}.Release|x64.Build.0 = Release|Any CPU
		{66B0A689-35F7-42DE-B96F-0B1F6467D85E}.Release|x86.ActiveCfg = Release|Any CPU
		{66B0A689-35F7-42DE-B96F-0B1F6467D85E}.Release|x86.Build.0 = Release|Any CPU
		{DBB6163B-8E41-478D-AB0D-D6F1FC15F98E}.Debug|Any CPU.ActiveCfg = Debug|x86
		{DBB6163B-8E41-478D-AB0D-D6F1FC15F98E}.Debug|ARM.ActiveCfg = Debug|ARM
		{DBB6163B-8E41-478D-AB0D-D6F1FC15F98E}.Debug|ARM.Build.0 = Debug|ARM
		{DBB6163B-8E41-478D-AB0D-D6F1FC15F98E}.Debug|ARM.Deploy.0 = Debug|ARM
		{DBB6163B-8E41-478D-AB0D-D6F1FC15F98E}.Debug|iPhone.ActiveCfg = Debug|x86
		{DBB6163B-8E41-478D-AB0D-D6F1FC15F98E}.Debug|iPhoneSimulator.ActiveCfg = Debug|x86
		{DBB6163B-8E41-478D-AB0D-D6F1FC15F98E}.Debug|x64.ActiveCfg = Debug|x64
		{DBB6163B-8E41-478D-AB0D-D6F1FC15F98E}.Debug|x64.Build.0 = Debug|x64
		{DBB6163B-8E41-478D-AB0D-D6F1FC15F98E}.Debug|x64.Deploy.0 = Debug|x64
		{DBB6163B-8E41-478D-AB0D-D6F1FC15F98E}.Debug|x86.ActiveCfg = Debug|x86
		{DBB6163B-8E41-478D-AB0D-D6F1FC15F98E}.Debug|x86.Build.0 = Debug|x86
		{DBB6163B-8E41-478D-AB0D-D6F1FC15F98E}.Debug|x86.Deploy.0 = Debug|x86
		{DBB6163B-8E41-478D-AB0D-D6F1FC15F98E}.Release|Any CPU.ActiveCfg = Release|x86
		{DBB6163B-8E41-478D-AB0D-D6F1FC15F98E}.Release|ARM.ActiveCfg = Release|ARM
		{DBB6163B-8E41-478D-AB0D-D6F1FC15F98E}.Release|ARM.Build.0 = Release|ARM
		{DBB6163B-8E41-478D-AB0D-D6F1FC15F98E}.Release|ARM.Deploy.0 = Release|ARM
		{DBB6163B-8E41-478D-AB0D-D6F1FC15F98E}.Release|iPhone.ActiveCfg = Release|x86
		{DBB6163B-8E41-478D-AB0D-D6F1FC15F98E}.Release|iPhoneSimulator.ActiveCfg = Release|x86
		{DBB6163B-8E41-478D-AB0D-D6F1FC15F98E}.Release|x64.ActiveCfg = Release|x64
		{DBB6163B-8E41-478D-AB0D-D6F1FC15F98E}.Release|x64.Build.0 = Release|x64
		{DBB6163B-8E41-478D-AB0D-D6F1FC15F98E}.Release|x64.Deploy.0 = Release|x64
		{DBB6163B-8E41-478D-AB0D-D6F1FC15F98E}.Release|x86.ActiveCfg = Release|x86
		{DBB6163B-8E41-478D-AB0D-D6F1FC15F98E}.Release|x86.Build.0 = Release|x86
		{DBB6163B-8E41-478D-AB0D-D6F1FC15F98E}.Release|x86.Deploy.0 = Release|x86
		{480172D1-89D2-4F85-92E5-CBE597208A60}.Debug|Any CPU.ActiveCfg = Debug|Any CPU
		{480172D1-89D2-4F85-92E5-CBE597208A60}.Debug|Any CPU.Build.0 = Debug|Any CPU
		{480172D1-89D2-4F85-92E5-CBE597208A60}.Debug|Any CPU.Deploy.0 = Debug|Any CPU
		{480172D1-89D2-4F85-92E5-CBE597208A60}.Debug|ARM.ActiveCfg = Debug|Any CPU
		{480172D1-89D2-4F85-92E5-CBE597208A60}.Debug|ARM.Build.0 = Debug|Any CPU
		{480172D1-89D2-4F85-92E5-CBE597208A60}.Debug|ARM.Deploy.0 = Debug|Any CPU
		{480172D1-89D2-4F85-92E5-CBE597208A60}.Debug|iPhone.ActiveCfg = Debug|Any CPU
		{480172D1-89D2-4F85-92E5-CBE597208A60}.Debug|iPhone.Build.0 = Debug|Any CPU
		{480172D1-89D2-4F85-92E5-CBE597208A60}.Debug|iPhone.Deploy.0 = Debug|Any CPU
		{480172D1-89D2-4F85-92E5-CBE597208A60}.Debug|iPhoneSimulator.ActiveCfg = Debug|Any CPU
		{480172D1-89D2-4F85-92E5-CBE597208A60}.Debug|iPhoneSimulator.Build.0 = Debug|Any CPU
		{480172D1-89D2-4F85-92E5-CBE597208A60}.Debug|iPhoneSimulator.Deploy.0 = Debug|Any CPU
		{480172D1-89D2-4F85-92E5-CBE597208A60}.Debug|x64.ActiveCfg = Debug|Any CPU
		{480172D1-89D2-4F85-92E5-CBE597208A60}.Debug|x64.Build.0 = Debug|Any CPU
		{480172D1-89D2-4F85-92E5-CBE597208A60}.Debug|x64.Deploy.0 = Debug|Any CPU
		{480172D1-89D2-4F85-92E5-CBE597208A60}.Debug|x86.ActiveCfg = Debug|Any CPU
		{480172D1-89D2-4F85-92E5-CBE597208A60}.Debug|x86.Build.0 = Debug|Any CPU
		{480172D1-89D2-4F85-92E5-CBE597208A60}.Debug|x86.Deploy.0 = Debug|Any CPU
		{480172D1-89D2-4F85-92E5-CBE597208A60}.Release|Any CPU.ActiveCfg = Release|Any CPU
		{480172D1-89D2-4F85-92E5-CBE597208A60}.Release|Any CPU.Build.0 = Release|Any CPU
		{480172D1-89D2-4F85-92E5-CBE597208A60}.Release|Any CPU.Deploy.0 = Release|Any CPU
		{480172D1-89D2-4F85-92E5-CBE597208A60}.Release|ARM.ActiveCfg = Release|Any CPU
		{480172D1-89D2-4F85-92E5-CBE597208A60}.Release|ARM.Build.0 = Release|Any CPU
		{480172D1-89D2-4F85-92E5-CBE597208A60}.Release|ARM.Deploy.0 = Release|Any CPU
		{480172D1-89D2-4F85-92E5-CBE597208A60}.Release|iPhone.ActiveCfg = Release|Any CPU
		{480172D1-89D2-4F85-92E5-CBE597208A60}.Release|iPhone.Build.0 = Release|Any CPU
		{480172D1-89D2-4F85-92E5-CBE597208A60}.Release|iPhone.Deploy.0 = Release|Any CPU
		{480172D1-89D2-4F85-92E5-CBE597208A60}.Release|iPhoneSimulator.ActiveCfg = Release|Any CPU
		{480172D1-89D2-4F85-92E5-CBE597208A60}.Release|iPhoneSimulator.Build.0 = Release|Any CPU
		{480172D1-89D2-4F85-92E5-CBE597208A60}.Release|iPhoneSimulator.Deploy.0 = Release|Any CPU
		{480172D1-89D2-4F85-92E5-CBE597208A60}.Release|x64.ActiveCfg = Release|Any CPU
		{480172D1-89D2-4F85-92E5-CBE597208A60}.Release|x64.Build.0 = Release|Any CPU
		{480172D1-89D2-4F85-92E5-CBE597208A60}.Release|x64.Deploy.0 = Release|Any CPU
		{480172D1-89D2-4F85-92E5-CBE597208A60}.Release|x86.ActiveCfg = Release|Any CPU
		{480172D1-89D2-4F85-92E5-CBE597208A60}.Release|x86.Build.0 = Release|Any CPU
		{480172D1-89D2-4F85-92E5-CBE597208A60}.Release|x86.Deploy.0 = Release|Any CPU
		{E3D30EB2-3500-4DA0-A077-EFA3E80C77F4}.Debug|Any CPU.ActiveCfg = Debug|iPhone
		{E3D30EB2-3500-4DA0-A077-EFA3E80C77F4}.Debug|ARM.ActiveCfg = Debug|iPhone
		{E3D30EB2-3500-4DA0-A077-EFA3E80C77F4}.Debug|iPhone.ActiveCfg = Debug|iPhone
		{E3D30EB2-3500-4DA0-A077-EFA3E80C77F4}.Debug|iPhone.Build.0 = Debug|iPhone
		{E3D30EB2-3500-4DA0-A077-EFA3E80C77F4}.Debug|iPhoneSimulator.ActiveCfg = Debug|iPhoneSimulator
		{E3D30EB2-3500-4DA0-A077-EFA3E80C77F4}.Debug|iPhoneSimulator.Build.0 = Debug|iPhoneSimulator
		{E3D30EB2-3500-4DA0-A077-EFA3E80C77F4}.Debug|x64.ActiveCfg = Debug|iPhone
		{E3D30EB2-3500-4DA0-A077-EFA3E80C77F4}.Debug|x86.ActiveCfg = Debug|iPhone
		{E3D30EB2-3500-4DA0-A077-EFA3E80C77F4}.Release|Any CPU.ActiveCfg = Release|iPhone
		{E3D30EB2-3500-4DA0-A077-EFA3E80C77F4}.Release|ARM.ActiveCfg = Release|iPhone
		{E3D30EB2-3500-4DA0-A077-EFA3E80C77F4}.Release|iPhone.ActiveCfg = Release|iPhone
		{E3D30EB2-3500-4DA0-A077-EFA3E80C77F4}.Release|iPhone.Build.0 = Release|iPhone
		{E3D30EB2-3500-4DA0-A077-EFA3E80C77F4}.Release|iPhoneSimulator.ActiveCfg = Release|iPhoneSimulator
		{E3D30EB2-3500-4DA0-A077-EFA3E80C77F4}.Release|iPhoneSimulator.Build.0 = Release|iPhoneSimulator
		{E3D30EB2-3500-4DA0-A077-EFA3E80C77F4}.Release|x64.ActiveCfg = Release|iPhone
		{E3D30EB2-3500-4DA0-A077-EFA3E80C77F4}.Release|x86.ActiveCfg = Release|iPhone
		{C4F8D25D-BC2E-4B4F-8651-734AEEE69CCD}.Debug|Any CPU.ActiveCfg = Debug|Any CPU
		{C4F8D25D-BC2E-4B4F-8651-734AEEE69CCD}.Debug|Any CPU.Build.0 = Debug|Any CPU
		{C4F8D25D-BC2E-4B4F-8651-734AEEE69CCD}.Debug|ARM.ActiveCfg = Debug|Any CPU
		{C4F8D25D-BC2E-4B4F-8651-734AEEE69CCD}.Debug|ARM.Build.0 = Debug|Any CPU
		{C4F8D25D-BC2E-4B4F-8651-734AEEE69CCD}.Debug|iPhone.ActiveCfg = Debug|Any CPU
		{C4F8D25D-BC2E-4B4F-8651-734AEEE69CCD}.Debug|iPhone.Build.0 = Debug|Any CPU
		{C4F8D25D-BC2E-4B4F-8651-734AEEE69CCD}.Debug|iPhoneSimulator.ActiveCfg = Debug|Any CPU
		{C4F8D25D-BC2E-4B4F-8651-734AEEE69CCD}.Debug|iPhoneSimulator.Build.0 = Debug|Any CPU
		{C4F8D25D-BC2E-4B4F-8651-734AEEE69CCD}.Debug|x64.ActiveCfg = Debug|Any CPU
		{C4F8D25D-BC2E-4B4F-8651-734AEEE69CCD}.Debug|x64.Build.0 = Debug|Any CPU
		{C4F8D25D-BC2E-4B4F-8651-734AEEE69CCD}.Debug|x86.ActiveCfg = Debug|Any CPU
		{C4F8D25D-BC2E-4B4F-8651-734AEEE69CCD}.Debug|x86.Build.0 = Debug|Any CPU
		{C4F8D25D-BC2E-4B4F-8651-734AEEE69CCD}.Release|Any CPU.ActiveCfg = Release|Any CPU
		{C4F8D25D-BC2E-4B4F-8651-734AEEE69CCD}.Release|Any CPU.Build.0 = Release|Any CPU
		{C4F8D25D-BC2E-4B4F-8651-734AEEE69CCD}.Release|ARM.ActiveCfg = Release|Any CPU
		{C4F8D25D-BC2E-4B4F-8651-734AEEE69CCD}.Release|ARM.Build.0 = Release|Any CPU
		{C4F8D25D-BC2E-4B4F-8651-734AEEE69CCD}.Release|iPhone.ActiveCfg = Release|Any CPU
		{C4F8D25D-BC2E-4B4F-8651-734AEEE69CCD}.Release|iPhone.Build.0 = Release|Any CPU
		{C4F8D25D-BC2E-4B4F-8651-734AEEE69CCD}.Release|iPhoneSimulator.ActiveCfg = Release|Any CPU
		{C4F8D25D-BC2E-4B4F-8651-734AEEE69CCD}.Release|iPhoneSimulator.Build.0 = Release|Any CPU
		{C4F8D25D-BC2E-4B4F-8651-734AEEE69CCD}.Release|x64.ActiveCfg = Release|Any CPU
		{C4F8D25D-BC2E-4B4F-8651-734AEEE69CCD}.Release|x64.Build.0 = Release|Any CPU
		{C4F8D25D-BC2E-4B4F-8651-734AEEE69CCD}.Release|x86.ActiveCfg = Release|Any CPU
		{C4F8D25D-BC2E-4B4F-8651-734AEEE69CCD}.Release|x86.Build.0 = Release|Any CPU
		{473B907D-0D6C-400F-BA47-7EE505D98B6E}.Debug|Any CPU.ActiveCfg = Debug|Any CPU
		{473B907D-0D6C-400F-BA47-7EE505D98B6E}.Debug|Any CPU.Build.0 = Debug|Any CPU
		{473B907D-0D6C-400F-BA47-7EE505D98B6E}.Debug|ARM.ActiveCfg = Debug|Any CPU
		{473B907D-0D6C-400F-BA47-7EE505D98B6E}.Debug|ARM.Build.0 = Debug|Any CPU
		{473B907D-0D6C-400F-BA47-7EE505D98B6E}.Debug|iPhone.ActiveCfg = Debug|Any CPU
		{473B907D-0D6C-400F-BA47-7EE505D98B6E}.Debug|iPhone.Build.0 = Debug|Any CPU
		{473B907D-0D6C-400F-BA47-7EE505D98B6E}.Debug|iPhoneSimulator.ActiveCfg = Debug|Any CPU
		{473B907D-0D6C-400F-BA47-7EE505D98B6E}.Debug|iPhoneSimulator.Build.0 = Debug|Any CPU
		{473B907D-0D6C-400F-BA47-7EE505D98B6E}.Debug|x64.ActiveCfg = Debug|Any CPU
		{473B907D-0D6C-400F-BA47-7EE505D98B6E}.Debug|x64.Build.0 = Debug|Any CPU
		{473B907D-0D6C-400F-BA47-7EE505D98B6E}.Debug|x86.ActiveCfg = Debug|Any CPU
		{473B907D-0D6C-400F-BA47-7EE505D98B6E}.Debug|x86.Build.0 = Debug|Any CPU
		{473B907D-0D6C-400F-BA47-7EE505D98B6E}.Release|Any CPU.ActiveCfg = Release|Any CPU
		{473B907D-0D6C-400F-BA47-7EE505D98B6E}.Release|Any CPU.Build.0 = Release|Any CPU
		{473B907D-0D6C-400F-BA47-7EE505D98B6E}.Release|ARM.ActiveCfg = Release|Any CPU
		{473B907D-0D6C-400F-BA47-7EE505D98B6E}.Release|ARM.Build.0 = Release|Any CPU
		{473B907D-0D6C-400F-BA47-7EE505D98B6E}.Release|iPhone.ActiveCfg = Release|Any CPU
		{473B907D-0D6C-400F-BA47-7EE505D98B6E}.Release|iPhone.Build.0 = Release|Any CPU
		{473B907D-0D6C-400F-BA47-7EE505D98B6E}.Release|iPhoneSimulator.ActiveCfg = Release|Any CPU
		{473B907D-0D6C-400F-BA47-7EE505D98B6E}.Release|iPhoneSimulator.Build.0 = Release|Any CPU
		{473B907D-0D6C-400F-BA47-7EE505D98B6E}.Release|x64.ActiveCfg = Release|Any CPU
		{473B907D-0D6C-400F-BA47-7EE505D98B6E}.Release|x64.Build.0 = Release|Any CPU
		{473B907D-0D6C-400F-BA47-7EE505D98B6E}.Release|x86.ActiveCfg = Release|Any CPU
		{473B907D-0D6C-400F-BA47-7EE505D98B6E}.Release|x86.Build.0 = Release|Any CPU
	EndGlobalSection
	GlobalSection(SolutionProperties) = preSolution
		HideSolutionNode = FALSE
	EndGlobalSection
	GlobalSection(NestedProjects) = preSolution
		{C792B4C9-19CE-4767-95B7-155F5FE496F2} = {AA4288C8-2A25-4D3B-916B-DFA680455BC0}
		{5089590F-BCC2-4B72-AE54-0F94AEAF030E} = {24809D0A-0E9C-45A6-A49C-5A1383693E1F}
		{66B0A689-35F7-42DE-B96F-0B1F6467D85E} = {C792B4C9-19CE-4767-95B7-155F5FE496F2}
		{DBB6163B-8E41-478D-AB0D-D6F1FC15F98E} = {EBD690F3-8F19-4A4A-919B-03EA03D1C95F}
		{480172D1-89D2-4F85-92E5-CBE597208A60} = {EBD690F3-8F19-4A4A-919B-03EA03D1C95F}
		{E3D30EB2-3500-4DA0-A077-EFA3E80C77F4} = {EBD690F3-8F19-4A4A-919B-03EA03D1C95F}
		{C4F8D25D-BC2E-4B4F-8651-734AEEE69CCD} = {EBD690F3-8F19-4A4A-919B-03EA03D1C95F}
		{473B907D-0D6C-400F-BA47-7EE505D98B6E} = {A8272F8B-DF8C-40F3-9874-C3A9A48E24E1}
	EndGlobalSection
	GlobalSection(ExtensibilityGlobals) = postSolution
		SolutionGuid = {94D14B5F-647C-41B0-AC7B-93588CB8964C}
	EndGlobalSection
EndGlobal
